
Microsoft Visual Studio Solution File, Format Version 12.00
# Visual Studio Version 16
VisualStudioVersion = 16.0.31205.134
MinimumVisualStudioVersion = 10.0.40219.1
Project("{2150E333-8FDC-42A3-9474-1A3956D46DE8}") = "src", "src", "{1EC3AF30-C062-47D1-9483-5C3A4E7622D3}"
EndProject
Project("{2150E333-8FDC-42A3-9474-1A3956D46DE8}") = "Build Blocks", "Build Blocks", "{118D7233-01CB-494C-B22C-09A375F855D7}"
EndProject
Project("{2150E333-8FDC-42A3-9474-1A3956D46DE8}") = "Services", "Services", "{6A4AD32B-8873-4127-976D-688E60A3A781}"
EndProject
Project("{2150E333-8FDC-42A3-9474-1A3956D46DE8}") = "Web", "Web", "{DE1D298F-8D05-4956-A9AF-427F2FFDDC3F}"
EndProject
Project("{2150E333-8FDC-42A3-9474-1A3956D46DE8}") = "Identity", "Identity", "{2B29D606-77FB-450E-BA6B-CDFFDF69BE6B}"
EndProject
Project("{FAE04EC0-301F-11D3-BF4B-00C04F79EFBC}") = "NSE.Identity.API", "src\services\NSE.Identity.API\NSE.Identity.API.csproj", "{5FCCED32-685E-493C-93D5-03EF67310B2F}"
EndProject
Project("{2150E333-8FDC-42A3-9474-1A3956D46DE8}") = "MVC", "MVC", "{AA69B5C0-4C51-47B2-A22A-0CEEC8D0DD17}"
EndProject
Project("{FAE04EC0-301F-11D3-BF4B-00C04F79EFBC}") = "NSE.WebApp.MVC", "src\web\NSE.WebApp.MVC\NSE.WebApp.MVC.csproj", "{E15DC87E-98C5-4F6F-A41D-268B36A5885F}"
EndProject
Project("{2150E333-8FDC-42A3-9474-1A3956D46DE8}") = "Core", "Core", "{0677F798-5CD6-4961-AC79-FFEDA71D919F}"
EndProject
Project("{FAE04EC0-301F-11D3-BF4B-00C04F79EFBC}") = "NSE.Core", "src\build blocks\NSE.Core\NSE.Core.csproj", "{6AC8B583-E3D1-4AEA-B3F9-27F6CBE8B684}"
EndProject
Project("{2150E333-8FDC-42A3-9474-1A3956D46DE8}") = "Catalog", "Catalog", "{59A00926-9DC7-42B4-93B9-900846934FAB}"
EndProject
Project("{2150E333-8FDC-42A3-9474-1A3956D46DE8}") = "Client", "Client", "{880961C0-A52A-410B-BFCF-5C53C25D389D}"
EndProject
Project("{2150E333-8FDC-42A3-9474-1A3956D46DE8}") = "Cart", "Cart", "{2C94ECAE-E712-46EC-BDE2-D8BCE7CFF23F}"
EndProject
Project("{FAE04EC0-301F-11D3-BF4B-00C04F79EFBC}") = "NSE.Cart.API", "src\services\NSE.Cart.API\NSE.Cart.API.csproj", "{0C55C3EF-9D46-4D70-A31C-F0B313289881}"
EndProject
Project("{FAE04EC0-301F-11D3-BF4B-00C04F79EFBC}") = "NSE.Client.API", "src\services\NSE.Client.API\NSE.Client.API.csproj", "{E43A48FE-9AF8-4814-AFD2-D16B4545E9C3}"
EndProject
Project("{2150E333-8FDC-42A3-9474-1A3956D46DE8}") = "Payment", "Payment", "{FD59E2D4-5260-4D02-BE7D-E15569B1AB4A}"
EndProject
Project("{FAE04EC0-301F-11D3-BF4B-00C04F79EFBC}") = "NSE.Payment.API", "src\services\NSE.Payment.API\NSE.Payment.API.csproj", "{08C1D5BC-79BE-4E33-8407-45E6AA34C726}"
EndProject
Project("{2150E333-8FDC-42A3-9474-1A3956D46DE8}") = "Order", "Order", "{C1095A7A-8DF5-4E1A-B028-A1CA0D8FEBAC}"
EndProject
Project("{FAE04EC0-301F-11D3-BF4B-00C04F79EFBC}") = "NSE.Catalog.API", "src\services\NSE.Catalog.API\NSE.Catalog.API.csproj", "{7B7A5BD3-9776-4868-AEF3-FC39A1E22B80}"
EndProject
Project("{FAE04EC0-301F-11D3-BF4B-00C04F79EFBC}") = "NSE.Order.API", "src\services\NSE.Order.API\NSE.Order.API.csproj", "{4468829B-6AD3-483B-925F-7C4E8F7035B2}"
EndProject
Global
	GlobalSection(SolutionConfigurationPlatforms) = preSolution
		Debug|Any CPU = Debug|Any CPU
		Release|Any CPU = Release|Any CPU
	EndGlobalSection
	GlobalSection(ProjectConfigurationPlatforms) = postSolution
		{5FCCED32-685E-493C-93D5-03EF67310B2F}.Debug|Any CPU.ActiveCfg = Debug|Any CPU
		{5FCCED32-685E-493C-93D5-03EF67310B2F}.Debug|Any CPU.Build.0 = Debug|Any CPU
		{5FCCED32-685E-493C-93D5-03EF67310B2F}.Release|Any CPU.ActiveCfg = Release|Any CPU
		{5FCCED32-685E-493C-93D5-03EF67310B2F}.Release|Any CPU.Build.0 = Release|Any CPU
		{E15DC87E-98C5-4F6F-A41D-268B36A5885F}.Debug|Any CPU.ActiveCfg = Debug|Any CPU
		{E15DC87E-98C5-4F6F-A41D-268B36A5885F}.Debug|Any CPU.Build.0 = Debug|Any CPU
		{E15DC87E-98C5-4F6F-A41D-268B36A5885F}.Release|Any CPU.ActiveCfg = Release|Any CPU
		{E15DC87E-98C5-4F6F-A41D-268B36A5885F}.Release|Any CPU.Build.0 = Release|Any CPU
		{6AC8B583-E3D1-4AEA-B3F9-27F6CBE8B684}.Debug|Any CPU.ActiveCfg = Debug|Any CPU
		{6AC8B583-E3D1-4AEA-B3F9-27F6CBE8B684}.Debug|Any CPU.Build.0 = Debug|Any CPU
		{6AC8B583-E3D1-4AEA-B3F9-27F6CBE8B684}.Release|Any CPU.ActiveCfg = Release|Any CPU
		{6AC8B583-E3D1-4AEA-B3F9-27F6CBE8B684}.Release|Any CPU.Build.0 = Release|Any CPU
		{0C55C3EF-9D46-4D70-A31C-F0B313289881}.Debug|Any CPU.ActiveCfg = Debug|Any CPU
		{0C55C3EF-9D46-4D70-A31C-F0B313289881}.Debug|Any CPU.Build.0 = Debug|Any CPU
		{0C55C3EF-9D46-4D70-A31C-F0B313289881}.Release|Any CPU.ActiveCfg = Release|Any CPU
		{0C55C3EF-9D46-4D70-A31C-F0B313289881}.Release|Any CPU.Build.0 = Release|Any CPU
		{E43A48FE-9AF8-4814-AFD2-D16B4545E9C3}.Debug|Any CPU.ActiveCfg = Debug|Any CPU
		{E43A48FE-9AF8-4814-AFD2-D16B4545E9C3}.Debug|Any CPU.Build.0 = Debug|Any CPU
		{E43A48FE-9AF8-4814-AFD2-D16B4545E9C3}.Release|Any CPU.ActiveCfg = Release|Any CPU
		{E43A48FE-9AF8-4814-AFD2-D16B4545E9C3}.Release|Any CPU.Build.0 = Release|Any CPU
		{08C1D5BC-79BE-4E33-8407-45E6AA34C726}.Debug|Any CPU.ActiveCfg = Debug|Any CPU
		{08C1D5BC-79BE-4E33-8407-45E6AA34C726}.Debug|Any CPU.Build.0 = Debug|Any CPU
		{08C1D5BC-79BE-4E33-8407-45E6AA34C726}.Release|Any CPU.ActiveCfg = Release|Any CPU
		{08C1D5BC-79BE-4E33-8407-45E6AA34C726}.Release|Any CPU.Build.0 = Release|Any CPU
		{7B7A5BD3-9776-4868-AEF3-FC39A1E22B80}.Debug|Any CPU.ActiveCfg = Debug|Any CPU
		{7B7A5BD3-9776-4868-AEF3-FC39A1E22B80}.Debug|Any CPU.Build.0 = Debug|Any CPU
		{7B7A5BD3-9776-4868-AEF3-FC39A1E22B80}.Release|Any CPU.ActiveCfg = Release|Any CPU
		{7B7A5BD3-9776-4868-AEF3-FC39A1E22B80}.Release|Any CPU.Build.0 = Release|Any CPU
		{4468829B-6AD3-483B-925F-7C4E8F7035B2}.Debug|Any CPU.ActiveCfg = Debug|Any CPU
		{4468829B-6AD3-483B-925F-7C4E8F7035B2}.Debug|Any CPU.Build.0 = Debug|Any CPU
		{4468829B-6AD3-483B-925F-7C4E8F7035B2}.Release|Any CPU.ActiveCfg = Release|Any CPU
		{4468829B-6AD3-483B-925F-7C4E8F7035B2}.Release|Any CPU.Build.0 = Release|Any CPU
	EndGlobalSection
	GlobalSection(SolutionProperties) = preSolution
		HideSolutionNode = FALSE
	EndGlobalSection
	GlobalSection(NestedProjects) = preSolution
		{118D7233-01CB-494C-B22C-09A375F855D7} = {1EC3AF30-C062-47D1-9483-5C3A4E7622D3}
		{6A4AD32B-8873-4127-976D-688E60A3A781} = {1EC3AF30-C062-47D1-9483-5C3A4E7622D3}
		{DE1D298F-8D05-4956-A9AF-427F2FFDDC3F} = {1EC3AF30-C062-47D1-9483-5C3A4E7622D3}
		{2B29D606-77FB-450E-BA6B-CDFFDF69BE6B} = {6A4AD32B-8873-4127-976D-688E60A3A781}
		{5FCCED32-685E-493C-93D5-03EF67310B2F} = {2B29D606-77FB-450E-BA6B-CDFFDF69BE6B}
		{AA69B5C0-4C51-47B2-A22A-0CEEC8D0DD17} = {DE1D298F-8D05-4956-A9AF-427F2FFDDC3F}
		{E15DC87E-98C5-4F6F-A41D-268B36A5885F} = {AA69B5C0-4C51-47B2-A22A-0CEEC8D0DD17}
		{0677F798-5CD6-4961-AC79-FFEDA71D919F} = {118D7233-01CB-494C-B22C-09A375F855D7}
		{6AC8B583-E3D1-4AEA-B3F9-27F6CBE8B684} = {0677F798-5CD6-4961-AC79-FFEDA71D919F}
		{59A00926-9DC7-42B4-93B9-900846934FAB} = {6A4AD32B-8873-4127-976D-688E60A3A781}
		{880961C0-A52A-410B-BFCF-5C53C25D389D} = {6A4AD32B-8873-4127-976D-688E60A3A781}
		{2C94ECAE-E712-46EC-BDE2-D8BCE7CFF23F} = {6A4AD32B-8873-4127-976D-688E60A3A781}
		{0C55C3EF-9D46-4D70-A31C-F0B313289881} = {2C94ECAE-E712-46EC-BDE2-D8BCE7CFF23F}
		{E43A48FE-9AF8-4814-AFD2-D16B4545E9C3} = {880961C0-A52A-410B-BFCF-5C53C25D389D}
		{FD59E2D4-5260-4D02-BE7D-E15569B1AB4A} = {6A4AD32B-8873-4127-976D-688E60A3A781}
		{08C1D5BC-79BE-4E33-8407-45E6AA34C726} = {FD59E2D4-5260-4D02-BE7D-E15569B1AB4A}
		{C1095A7A-8DF5-4E1A-B028-A1CA0D8FEBAC} = {6A4AD32B-8873-4127-976D-688E60A3A781}
		{7B7A5BD3-9776-4868-AEF3-FC39A1E22B80} = {59A00926-9DC7-42B4-93B9-900846934FAB}
		{4468829B-6AD3-483B-925F-7C4E8F7035B2} = {C1095A7A-8DF5-4E1A-B028-A1CA0D8FEBAC}
	EndGlobalSection
	GlobalSection(ExtensibilityGlobals) = postSolution
		SolutionGuid = {92D2BD02-1362-4CAA-A9F7-63094F6EDD96}
	EndGlobalSection
EndGlobal
