
Microsoft Visual Studio Solution File, Format Version 12.00
# Visual Studio Version 16
VisualStudioVersion = 16.0.31205.134
MinimumVisualStudioVersion = 10.0.40219.1
Project("{2150E333-8FDC-42A3-9474-1A3956D46DE8}") = "src", "src", "{1EC3AF30-C062-47D1-9483-5C3A4E7622D3}"
EndProject
Project("{2150E333-8FDC-42A3-9474-1A3956D46DE8}") = "Build Blocks", "Build Blocks", "{118D7233-01CB-494C-B22C-09A375F855D7}"
EndProject
Project("{2150E333-8FDC-42A3-9474-1A3956D46DE8}") = "Services", "Services", "{6A4AD32B-8873-4127-976D-688E60A3A781}"
EndProject
Project("{2150E333-8FDC-42A3-9474-1A3956D46DE8}") = "Web", "Web", "{DE1D298F-8D05-4956-A9AF-427F2FFDDC3F}"
EndProject
Project("{2150E333-8FDC-42A3-9474-1A3956D46DE8}") = "Identity", "Identity", "{2B29D606-77FB-450E-BA6B-CDFFDF69BE6B}"
EndProject
Project("{FAE04EC0-301F-11D3-BF4B-00C04F79EFBC}") = "NSE.Identity.API", "src\services\NSE.Identity.API\NSE.Identity.API.csproj", "{5FCCED32-685E-493C-93D5-03EF67310B2F}"
EndProject
Project("{2150E333-8FDC-42A3-9474-1A3956D46DE8}") = "MVC", "MVC", "{AA69B5C0-4C51-47B2-A22A-0CEEC8D0DD17}"
EndProject
Project("{FAE04EC0-301F-11D3-BF4B-00C04F79EFBC}") = "NSE.WebApp.MVC", "src\web\NSE.WebApp.MVC\NSE.WebApp.MVC.csproj", "{E15DC87E-98C5-4F6F-A41D-268B36A5885F}"
EndProject
Project("{2150E333-8FDC-42A3-9474-1A3956D46DE8}") = "Core", "Core", "{0677F798-5CD6-4961-AC79-FFEDA71D919F}"
EndProject
Project("{FAE04EC0-301F-11D3-BF4B-00C04F79EFBC}") = "NSE.Core", "src\build blocks\NSE.Core\NSE.Core.csproj", "{6AC8B583-E3D1-4AEA-B3F9-27F6CBE8B684}"
EndProject
Global
	GlobalSection(SolutionConfigurationPlatforms) = preSolution
		Debug|Any CPU = Debug|Any CPU
		Release|Any CPU = Release|Any CPU
	EndGlobalSection
	GlobalSection(ProjectConfigurationPlatforms) = postSolution
		{5FCCED32-685E-493C-93D5-03EF67310B2F}.Debug|Any CPU.ActiveCfg = Debug|Any CPU
		{5FCCED32-685E-493C-93D5-03EF67310B2F}.Debug|Any CPU.Build.0 = Debug|Any CPU
		{5FCCED32-685E-493C-93D5-03EF67310B2F}.Release|Any CPU.ActiveCfg = Release|Any CPU
		{5FCCED32-685E-493C-93D5-03EF67310B2F}.Release|Any CPU.Build.0 = Release|Any CPU
		{E15DC87E-98C5-4F6F-A41D-268B36A5885F}.Debug|Any CPU.ActiveCfg = Debug|Any CPU
		{E15DC87E-98C5-4F6F-A41D-268B36A5885F}.Debug|Any CPU.Build.0 = Debug|Any CPU
		{E15DC87E-98C5-4F6F-A41D-268B36A5885F}.Release|Any CPU.ActiveCfg = Release|Any CPU
		{E15DC87E-98C5-4F6F-A41D-268B36A5885F}.Release|Any CPU.Build.0 = Release|Any CPU
		{6AC8B583-E3D1-4AEA-B3F9-27F6CBE8B684}.Debug|Any CPU.ActiveCfg = Debug|Any CPU
		{6AC8B583-E3D1-4AEA-B3F9-27F6CBE8B684}.Debug|Any CPU.Build.0 = Debug|Any CPU
		{6AC8B583-E3D1-4AEA-B3F9-27F6CBE8B684}.Release|Any CPU.ActiveCfg = Release|Any CPU
		{6AC8B583-E3D1-4AEA-B3F9-27F6CBE8B684}.Release|Any CPU.Build.0 = Release|Any CPU
	EndGlobalSection
	GlobalSection(SolutionProperties) = preSolution
		HideSolutionNode = FALSE
	EndGlobalSection
	GlobalSection(NestedProjects) = preSolution
		{118D7233-01CB-494C-B22C-09A375F855D7} = {1EC3AF30-C062-47D1-9483-5C3A4E7622D3}
		{6A4AD32B-8873-4127-976D-688E60A3A781} = {1EC3AF30-C062-47D1-9483-5C3A4E7622D3}
		{DE1D298F-8D05-4956-A9AF-427F2FFDDC3F} = {1EC3AF30-C062-47D1-9483-5C3A4E7622D3}
		{2B29D606-77FB-450E-BA6B-CDFFDF69BE6B} = {6A4AD32B-8873-4127-976D-688E60A3A781}
		{5FCCED32-685E-493C-93D5-03EF67310B2F} = {2B29D606-77FB-450E-BA6B-CDFFDF69BE6B}
		{AA69B5C0-4C51-47B2-A22A-0CEEC8D0DD17} = {DE1D298F-8D05-4956-A9AF-427F2FFDDC3F}
		{E15DC87E-98C5-4F6F-A41D-268B36A5885F} = {AA69B5C0-4C51-47B2-A22A-0CEEC8D0DD17}
		{0677F798-5CD6-4961-AC79-FFEDA71D919F} = {118D7233-01CB-494C-B22C-09A375F855D7}
		{6AC8B583-E3D1-4AEA-B3F9-27F6CBE8B684} = {0677F798-5CD6-4961-AC79-FFEDA71D919F}
	EndGlobalSection
	GlobalSection(ExtensibilityGlobals) = postSolution
		SolutionGuid = {92D2BD02-1362-4CAA-A9F7-63094F6EDD96}
	EndGlobalSection
EndGlobal
